// !$*UTF8*$!
{
	archiveVersion = 1;
	classes = {
	};
	objectVersion = 51;
	objects = {

/* Begin PBXBuildFile section */
		29CF500356C98C4C3D6187D1 /* Pods_Spotify.framework in Frameworks */ = {isa = PBXBuildFile; fileRef = 50407CAD63B5BC1965C82852 /* Pods_Spotify.framework */; };
		95473E6B269EEB7D0066E365 /* SearchResultResponse.swift in Sources */ = {isa = PBXBuildFile; fileRef = 95473E6A269EEB7D0066E365 /* SearchResultResponse.swift */; };
		95473E6D269EECED0066E365 /* SearchResult.swift in Sources */ = {isa = PBXBuildFile; fileRef = 95473E6C269EECED0066E365 /* SearchResult.swift */; };
		95473E70269F06170066E365 /* SearchResultDefaultTableViewCell.swift in Sources */ = {isa = PBXBuildFile; fileRef = 95473E6F269F06170066E365 /* SearchResultDefaultTableViewCell.swift */; };
		95473E72269F07D50066E365 /* SearchResultDefaultTableViewCellViewModel.swift in Sources */ = {isa = PBXBuildFile; fileRef = 95473E71269F07D50066E365 /* SearchResultDefaultTableViewCellViewModel.swift */; };
		956AAF9026970C2D00C52F38 /* NewReleasesResponse.swift in Sources */ = {isa = PBXBuildFile; fileRef = 956AAF8F26970C2D00C52F38 /* NewReleasesResponse.swift */; };
		958162CE2695D9F9005E3D6C /* AppDelegate.swift in Sources */ = {isa = PBXBuildFile; fileRef = 958162CD2695D9F9005E3D6C /* AppDelegate.swift */; };
		958162D02695D9F9005E3D6C /* SceneDelegate.swift in Sources */ = {isa = PBXBuildFile; fileRef = 958162CF2695D9F9005E3D6C /* SceneDelegate.swift */; };
		958162D22695D9F9005E3D6C /* HomeViewController.swift in Sources */ = {isa = PBXBuildFile; fileRef = 958162D12695D9F9005E3D6C /* HomeViewController.swift */; };
		958162D72695D9FC005E3D6C /* Assets.xcassets in Resources */ = {isa = PBXBuildFile; fileRef = 958162D62695D9FC005E3D6C /* Assets.xcassets */; };
		958162DA2695D9FC005E3D6C /* LaunchScreen.storyboard in Resources */ = {isa = PBXBuildFile; fileRef = 958162D82695D9FC005E3D6C /* LaunchScreen.storyboard */; };
		958162E82695DD38005E3D6C /* TabBarViewController.swift in Sources */ = {isa = PBXBuildFile; fileRef = 958162E72695DD38005E3D6C /* TabBarViewController.swift */; };
		958162EA2695DD56005E3D6C /* SearchViewController.swift in Sources */ = {isa = PBXBuildFile; fileRef = 958162E92695DD56005E3D6C /* SearchViewController.swift */; };
		958162EC2695DD6E005E3D6C /* LibraryViewController.swift in Sources */ = {isa = PBXBuildFile; fileRef = 958162EB2695DD6E005E3D6C /* LibraryViewController.swift */; };
		958162F02695DDAB005E3D6C /* AuthViewController.swift in Sources */ = {isa = PBXBuildFile; fileRef = 958162EF2695DDAB005E3D6C /* AuthViewController.swift */; };
		958162F22695DDB6005E3D6C /* WelcomeViewController.swift in Sources */ = {isa = PBXBuildFile; fileRef = 958162F12695DDB6005E3D6C /* WelcomeViewController.swift */; };
		958162F52695DDCF005E3D6C /* SettingsViewController.swift in Sources */ = {isa = PBXBuildFile; fileRef = 958162F42695DDCF005E3D6C /* SettingsViewController.swift */; };
		958162F72695DDDB005E3D6C /* ProfileViewController.swift in Sources */ = {isa = PBXBuildFile; fileRef = 958162F62695DDDB005E3D6C /* ProfileViewController.swift */; };
		958162F92695DDE5005E3D6C /* PlayerViewController.swift in Sources */ = {isa = PBXBuildFile; fileRef = 958162F82695DDE5005E3D6C /* PlayerViewController.swift */; };
		958162FB2695DDF2005E3D6C /* PlaylistViewController.swift in Sources */ = {isa = PBXBuildFile; fileRef = 958162FA2695DDF2005E3D6C /* PlaylistViewController.swift */; };
		958162FD2695DDFE005E3D6C /* SearchResultsViewController.swift in Sources */ = {isa = PBXBuildFile; fileRef = 958162FC2695DDFE005E3D6C /* SearchResultsViewController.swift */; };
		958162FF2695DE16005E3D6C /* AuthManager.swift in Sources */ = {isa = PBXBuildFile; fileRef = 958162FE2695DE16005E3D6C /* AuthManager.swift */; };
		958163012695DE29005E3D6C /* APICaller.swift in Sources */ = {isa = PBXBuildFile; fileRef = 958163002695DE29005E3D6C /* APICaller.swift */; };
		958163032695DE36005E3D6C /* HapticsManager.swift in Sources */ = {isa = PBXBuildFile; fileRef = 958163022695DE36005E3D6C /* HapticsManager.swift */; };
		958163052695DE45005E3D6C /* Playlist.swift in Sources */ = {isa = PBXBuildFile; fileRef = 958163042695DE45005E3D6C /* Playlist.swift */; };
		958163072695DE51005E3D6C /* AudioTrack.swift in Sources */ = {isa = PBXBuildFile; fileRef = 958163062695DE51005E3D6C /* AudioTrack.swift */; };
		958163092695DE5A005E3D6C /* Artist.swift in Sources */ = {isa = PBXBuildFile; fileRef = 958163082695DE5A005E3D6C /* Artist.swift */; };
		9581630B2695DE65005E3D6C /* UserProfile.swift in Sources */ = {isa = PBXBuildFile; fileRef = 9581630A2695DE65005E3D6C /* UserProfile.swift */; };
		9581630D2695E9E6005E3D6C /* Extensions.swift in Sources */ = {isa = PBXBuildFile; fileRef = 9581630C2695E9E6005E3D6C /* Extensions.swift */; };
		9581630F2695FD26005E3D6C /* AuthResponse.swift in Sources */ = {isa = PBXBuildFile; fileRef = 9581630E2695FD26005E3D6C /* AuthResponse.swift */; };
		95816311269615C6005E3D6C /* SettingsModels.swift in Sources */ = {isa = PBXBuildFile; fileRef = 95816310269615C6005E3D6C /* SettingsModels.swift */; };
		95E302C7269711B4002057D7 /* FeaturedPlaylistsResponse.swift in Sources */ = {isa = PBXBuildFile; fileRef = 95E302C6269711B4002057D7 /* FeaturedPlaylistsResponse.swift */; };
		95E302C926971689002057D7 /* RecommendedGenresResponse.swift in Sources */ = {isa = PBXBuildFile; fileRef = 95E302C826971689002057D7 /* RecommendedGenresResponse.swift */; };
		95E302CB269719AF002057D7 /* RecommendationsResponse.swift in Sources */ = {isa = PBXBuildFile; fileRef = 95E302CA269719AF002057D7 /* RecommendationsResponse.swift */; };
		95E302CE26973BFD002057D7 /* NewReleaseCollectionCollectionViewCell.swift in Sources */ = {isa = PBXBuildFile; fileRef = 95E302CD26973BFD002057D7 /* NewReleaseCollectionCollectionViewCell.swift */; };
		95E302D026973C4C002057D7 /* FeaturedPlaylistCollectionViewCell.swift in Sources */ = {isa = PBXBuildFile; fileRef = 95E302CF26973C4C002057D7 /* FeaturedPlaylistCollectionViewCell.swift */; };
		95E302D226973C68002057D7 /* RecommendedTrackCollectionViewCell.swift in Sources */ = {isa = PBXBuildFile; fileRef = 95E302D126973C68002057D7 /* RecommendedTrackCollectionViewCell.swift */; };
		95E302D426974716002057D7 /* NewReleasesCellViewModel.swift in Sources */ = {isa = PBXBuildFile; fileRef = 95E302D326974716002057D7 /* NewReleasesCellViewModel.swift */; };
		95E302D626975CE3002057D7 /* FeaturedPlaylistCellViewModel.swift in Sources */ = {isa = PBXBuildFile; fileRef = 95E302D526975CE3002057D7 /* FeaturedPlaylistCellViewModel.swift */; };
		95E302D826975D21002057D7 /* RecommendedTrackCellViewModel.swift in Sources */ = {isa = PBXBuildFile; fileRef = 95E302D726975D21002057D7 /* RecommendedTrackCellViewModel.swift */; };
		95E302DA2698543D002057D7 /* AlbumViewController.swift in Sources */ = {isa = PBXBuildFile; fileRef = 95E302D92698543D002057D7 /* AlbumViewController.swift */; };
		95E302DC26985A2E002057D7 /* AlbumDetailsResponse.swift in Sources */ = {isa = PBXBuildFile; fileRef = 95E302DB26985A2E002057D7 /* AlbumDetailsResponse.swift */; };
		95E302DE26985F46002057D7 /* PlaylistDetailsResponse.swift in Sources */ = {isa = PBXBuildFile; fileRef = 95E302DD26985F46002057D7 /* PlaylistDetailsResponse.swift */; };
		95E302E02698D6B2002057D7 /* PlaylistHeaderCollectionReusableView.swift in Sources */ = {isa = PBXBuildFile; fileRef = 95E302DF2698D6B2002057D7 /* PlaylistHeaderCollectionReusableView.swift */; };
		95E302E22698F73A002057D7 /* PlaylistHeaderViewViewModel.swift in Sources */ = {isa = PBXBuildFile; fileRef = 95E302E12698F73A002057D7 /* PlaylistHeaderViewViewModel.swift */; };
		95E302E4269C8576002057D7 /* TitleHeaderCollectionReusableView.swift in Sources */ = {isa = PBXBuildFile; fileRef = 95E302E3269C8576002057D7 /* TitleHeaderCollectionReusableView.swift */; };
		95E302E6269C9030002057D7 /* AlbumTrackCollectionViewCell.swift in Sources */ = {isa = PBXBuildFile; fileRef = 95E302E5269C9030002057D7 /* AlbumTrackCollectionViewCell.swift */; };
		95E302E8269C9198002057D7 /* AlbumCollectionViewCellViewModel.swift in Sources */ = {isa = PBXBuildFile; fileRef = 95E302E7269C9198002057D7 /* AlbumCollectionViewCellViewModel.swift */; };
		95E302EA269CAE68002057D7 /* CategoryCollectionViewCell.swift in Sources */ = {isa = PBXBuildFile; fileRef = 95E302E9269CAE68002057D7 /* CategoryCollectionViewCell.swift */; };
		95E302EC269CB542002057D7 /* AllCategoriesResponse.swift in Sources */ = {isa = PBXBuildFile; fileRef = 95E302EB269CB542002057D7 /* AllCategoriesResponse.swift */; };
		95E302EE269CB9C6002057D7 /* CategoryCollectionViewCellViewModel.swift in Sources */ = {isa = PBXBuildFile; fileRef = 95E302ED269CB9C6002057D7 /* CategoryCollectionViewCellViewModel.swift */; };
		95E302F0269D9781002057D7 /* CategoryViewController.swift in Sources */ = {isa = PBXBuildFile; fileRef = 95E302EF269D9781002057D7 /* CategoryViewController.swift */; };
		95E9E75426970E850091E9A0 /* APIImage.swift in Sources */ = {isa = PBXBuildFile; fileRef = 95E9E75326970E850091E9A0 /* APIImage.swift */; };
/* End PBXBuildFile section */

/* Begin PBXFileReference section */
		4DF6F06AFC2C8E2C9F99EF96 /* Pods-Spotify.debug.xcconfig */ = {isa = PBXFileReference; includeInIndex = 1; lastKnownFileType = text.xcconfig; name = "Pods-Spotify.debug.xcconfig"; path = "Target Support Files/Pods-Spotify/Pods-Spotify.debug.xcconfig"; sourceTree = "<group>"; };
		50407CAD63B5BC1965C82852 /* Pods_Spotify.framework */ = {isa = PBXFileReference; explicitFileType = wrapper.framework; includeInIndex = 0; path = Pods_Spotify.framework; sourceTree = BUILT_PRODUCTS_DIR; };
		95473E6A269EEB7D0066E365 /* SearchResultResponse.swift */ = {isa = PBXFileReference; lastKnownFileType = sourcecode.swift; path = SearchResultResponse.swift; sourceTree = "<group>"; };
		95473E6C269EECED0066E365 /* SearchResult.swift */ = {isa = PBXFileReference; lastKnownFileType = sourcecode.swift; path = SearchResult.swift; sourceTree = "<group>"; };
		95473E6F269F06170066E365 /* SearchResultDefaultTableViewCell.swift */ = {isa = PBXFileReference; lastKnownFileType = sourcecode.swift; path = SearchResultDefaultTableViewCell.swift; sourceTree = "<group>"; };
		95473E71269F07D50066E365 /* SearchResultDefaultTableViewCellViewModel.swift */ = {isa = PBXFileReference; lastKnownFileType = sourcecode.swift; path = SearchResultDefaultTableViewCellViewModel.swift; sourceTree = "<group>"; };
		956AAF8F26970C2D00C52F38 /* NewReleasesResponse.swift */ = {isa = PBXFileReference; lastKnownFileType = sourcecode.swift; path = NewReleasesResponse.swift; sourceTree = "<group>"; };
		958162CA2695D9F9005E3D6C /* Spotify.app */ = {isa = PBXFileReference; explicitFileType = wrapper.application; includeInIndex = 0; path = Spotify.app; sourceTree = BUILT_PRODUCTS_DIR; };
		958162CD2695D9F9005E3D6C /* AppDelegate.swift */ = {isa = PBXFileReference; lastKnownFileType = sourcecode.swift; path = AppDelegate.swift; sourceTree = "<group>"; };
		958162CF2695D9F9005E3D6C /* SceneDelegate.swift */ = {isa = PBXFileReference; lastKnownFileType = sourcecode.swift; path = SceneDelegate.swift; sourceTree = "<group>"; };
		958162D12695D9F9005E3D6C /* HomeViewController.swift */ = {isa = PBXFileReference; lastKnownFileType = sourcecode.swift; path = HomeViewController.swift; sourceTree = "<group>"; };
		958162D62695D9FC005E3D6C /* Assets.xcassets */ = {isa = PBXFileReference; lastKnownFileType = folder.assetcatalog; path = Assets.xcassets; sourceTree = "<group>"; };
		958162D92695D9FC005E3D6C /* Base */ = {isa = PBXFileReference; lastKnownFileType = file.storyboard; name = Base; path = Base.lproj/LaunchScreen.storyboard; sourceTree = "<group>"; };
		958162DB2695D9FC005E3D6C /* Info.plist */ = {isa = PBXFileReference; lastKnownFileType = text.plist.xml; path = Info.plist; sourceTree = "<group>"; };
		958162E72695DD38005E3D6C /* TabBarViewController.swift */ = {isa = PBXFileReference; lastKnownFileType = sourcecode.swift; path = TabBarViewController.swift; sourceTree = "<group>"; };
		958162E92695DD56005E3D6C /* SearchViewController.swift */ = {isa = PBXFileReference; lastKnownFileType = sourcecode.swift; path = SearchViewController.swift; sourceTree = "<group>"; };
		958162EB2695DD6E005E3D6C /* LibraryViewController.swift */ = {isa = PBXFileReference; lastKnownFileType = sourcecode.swift; path = LibraryViewController.swift; sourceTree = "<group>"; };
		958162EF2695DDAB005E3D6C /* AuthViewController.swift */ = {isa = PBXFileReference; lastKnownFileType = sourcecode.swift; path = AuthViewController.swift; sourceTree = "<group>"; };
		958162F12695DDB6005E3D6C /* WelcomeViewController.swift */ = {isa = PBXFileReference; lastKnownFileType = sourcecode.swift; path = WelcomeViewController.swift; sourceTree = "<group>"; };
		958162F42695DDCF005E3D6C /* SettingsViewController.swift */ = {isa = PBXFileReference; lastKnownFileType = sourcecode.swift; path = SettingsViewController.swift; sourceTree = "<group>"; };
		958162F62695DDDB005E3D6C /* ProfileViewController.swift */ = {isa = PBXFileReference; lastKnownFileType = sourcecode.swift; path = ProfileViewController.swift; sourceTree = "<group>"; };
		958162F82695DDE5005E3D6C /* PlayerViewController.swift */ = {isa = PBXFileReference; lastKnownFileType = sourcecode.swift; path = PlayerViewController.swift; sourceTree = "<group>"; };
		958162FA2695DDF2005E3D6C /* PlaylistViewController.swift */ = {isa = PBXFileReference; lastKnownFileType = sourcecode.swift; path = PlaylistViewController.swift; sourceTree = "<group>"; };
		958162FC2695DDFE005E3D6C /* SearchResultsViewController.swift */ = {isa = PBXFileReference; lastKnownFileType = sourcecode.swift; path = SearchResultsViewController.swift; sourceTree = "<group>"; };
		958162FE2695DE16005E3D6C /* AuthManager.swift */ = {isa = PBXFileReference; lastKnownFileType = sourcecode.swift; path = AuthManager.swift; sourceTree = "<group>"; };
		958163002695DE29005E3D6C /* APICaller.swift */ = {isa = PBXFileReference; lastKnownFileType = sourcecode.swift; path = APICaller.swift; sourceTree = "<group>"; };
		958163022695DE36005E3D6C /* HapticsManager.swift */ = {isa = PBXFileReference; lastKnownFileType = sourcecode.swift; path = HapticsManager.swift; sourceTree = "<group>"; };
		958163042695DE45005E3D6C /* Playlist.swift */ = {isa = PBXFileReference; lastKnownFileType = sourcecode.swift; path = Playlist.swift; sourceTree = "<group>"; };
		958163062695DE51005E3D6C /* AudioTrack.swift */ = {isa = PBXFileReference; lastKnownFileType = sourcecode.swift; path = AudioTrack.swift; sourceTree = "<group>"; };
		958163082695DE5A005E3D6C /* Artist.swift */ = {isa = PBXFileReference; lastKnownFileType = sourcecode.swift; path = Artist.swift; sourceTree = "<group>"; };
		9581630A2695DE65005E3D6C /* UserProfile.swift */ = {isa = PBXFileReference; lastKnownFileType = sourcecode.swift; path = UserProfile.swift; sourceTree = "<group>"; };
		9581630C2695E9E6005E3D6C /* Extensions.swift */ = {isa = PBXFileReference; lastKnownFileType = sourcecode.swift; path = Extensions.swift; sourceTree = "<group>"; };
		9581630E2695FD26005E3D6C /* AuthResponse.swift */ = {isa = PBXFileReference; lastKnownFileType = sourcecode.swift; path = AuthResponse.swift; sourceTree = "<group>"; };
		95816310269615C6005E3D6C /* SettingsModels.swift */ = {isa = PBXFileReference; lastKnownFileType = sourcecode.swift; path = SettingsModels.swift; sourceTree = "<group>"; };
		95E302C6269711B4002057D7 /* FeaturedPlaylistsResponse.swift */ = {isa = PBXFileReference; lastKnownFileType = sourcecode.swift; path = FeaturedPlaylistsResponse.swift; sourceTree = "<group>"; };
		95E302C826971689002057D7 /* RecommendedGenresResponse.swift */ = {isa = PBXFileReference; lastKnownFileType = sourcecode.swift; path = RecommendedGenresResponse.swift; sourceTree = "<group>"; };
		95E302CA269719AF002057D7 /* RecommendationsResponse.swift */ = {isa = PBXFileReference; lastKnownFileType = sourcecode.swift; path = RecommendationsResponse.swift; sourceTree = "<group>"; };
		95E302CD26973BFD002057D7 /* NewReleaseCollectionCollectionViewCell.swift */ = {isa = PBXFileReference; lastKnownFileType = sourcecode.swift; path = NewReleaseCollectionCollectionViewCell.swift; sourceTree = "<group>"; };
		95E302CF26973C4C002057D7 /* FeaturedPlaylistCollectionViewCell.swift */ = {isa = PBXFileReference; lastKnownFileType = sourcecode.swift; path = FeaturedPlaylistCollectionViewCell.swift; sourceTree = "<group>"; };
		95E302D126973C68002057D7 /* RecommendedTrackCollectionViewCell.swift */ = {isa = PBXFileReference; lastKnownFileType = sourcecode.swift; path = RecommendedTrackCollectionViewCell.swift; sourceTree = "<group>"; };
		95E302D326974716002057D7 /* NewReleasesCellViewModel.swift */ = {isa = PBXFileReference; lastKnownFileType = sourcecode.swift; path = NewReleasesCellViewModel.swift; sourceTree = "<group>"; };
		95E302D526975CE3002057D7 /* FeaturedPlaylistCellViewModel.swift */ = {isa = PBXFileReference; lastKnownFileType = sourcecode.swift; path = FeaturedPlaylistCellViewModel.swift; sourceTree = "<group>"; };
		95E302D726975D21002057D7 /* RecommendedTrackCellViewModel.swift */ = {isa = PBXFileReference; lastKnownFileType = sourcecode.swift; path = RecommendedTrackCellViewModel.swift; sourceTree = "<group>"; };
		95E302D92698543D002057D7 /* AlbumViewController.swift */ = {isa = PBXFileReference; lastKnownFileType = sourcecode.swift; path = AlbumViewController.swift; sourceTree = "<group>"; };
		95E302DB26985A2E002057D7 /* AlbumDetailsResponse.swift */ = {isa = PBXFileReference; lastKnownFileType = sourcecode.swift; path = AlbumDetailsResponse.swift; sourceTree = "<group>"; };
		95E302DD26985F46002057D7 /* PlaylistDetailsResponse.swift */ = {isa = PBXFileReference; lastKnownFileType = sourcecode.swift; path = PlaylistDetailsResponse.swift; sourceTree = "<group>"; };
		95E302DF2698D6B2002057D7 /* PlaylistHeaderCollectionReusableView.swift */ = {isa = PBXFileReference; lastKnownFileType = sourcecode.swift; path = PlaylistHeaderCollectionReusableView.swift; sourceTree = "<group>"; };
		95E302E12698F73A002057D7 /* PlaylistHeaderViewViewModel.swift */ = {isa = PBXFileReference; lastKnownFileType = sourcecode.swift; path = PlaylistHeaderViewViewModel.swift; sourceTree = "<group>"; };
		95E302E3269C8576002057D7 /* TitleHeaderCollectionReusableView.swift */ = {isa = PBXFileReference; lastKnownFileType = sourcecode.swift; path = TitleHeaderCollectionReusableView.swift; sourceTree = "<group>"; };
		95E302E5269C9030002057D7 /* AlbumTrackCollectionViewCell.swift */ = {isa = PBXFileReference; lastKnownFileType = sourcecode.swift; path = AlbumTrackCollectionViewCell.swift; sourceTree = "<group>"; };
		95E302E7269C9198002057D7 /* AlbumCollectionViewCellViewModel.swift */ = {isa = PBXFileReference; lastKnownFileType = sourcecode.swift; path = AlbumCollectionViewCellViewModel.swift; sourceTree = "<group>"; };
		95E302E9269CAE68002057D7 /* CategoryCollectionViewCell.swift */ = {isa = PBXFileReference; lastKnownFileType = sourcecode.swift; path = CategoryCollectionViewCell.swift; sourceTree = "<group>"; };
		95E302EB269CB542002057D7 /* AllCategoriesResponse.swift */ = {isa = PBXFileReference; lastKnownFileType = sourcecode.swift; path = AllCategoriesResponse.swift; sourceTree = "<group>"; };
		95E302ED269CB9C6002057D7 /* CategoryCollectionViewCellViewModel.swift */ = {isa = PBXFileReference; lastKnownFileType = sourcecode.swift; path = CategoryCollectionViewCellViewModel.swift; sourceTree = "<group>"; };
		95E302EF269D9781002057D7 /* CategoryViewController.swift */ = {isa = PBXFileReference; lastKnownFileType = sourcecode.swift; path = CategoryViewController.swift; sourceTree = "<group>"; };
		95E9E75326970E850091E9A0 /* APIImage.swift */ = {isa = PBXFileReference; lastKnownFileType = sourcecode.swift; path = APIImage.swift; sourceTree = "<group>"; };
		B062AF9068FE09038D588934 /* Pods-Spotify.release.xcconfig */ = {isa = PBXFileReference; includeInIndex = 1; lastKnownFileType = text.xcconfig; name = "Pods-Spotify.release.xcconfig"; path = "Target Support Files/Pods-Spotify/Pods-Spotify.release.xcconfig"; sourceTree = "<group>"; };
/* End PBXFileReference section */

/* Begin PBXFrameworksBuildPhase section */
		958162C72695D9F9005E3D6C /* Frameworks */ = {
			isa = PBXFrameworksBuildPhase;
			buildActionMask = 2147483647;
			files = (
				29CF500356C98C4C3D6187D1 /* Pods_Spotify.framework in Frameworks */,
			);
			runOnlyForDeploymentPostprocessing = 0;
		};
/* End PBXFrameworksBuildPhase section */

/* Begin PBXGroup section */
		8AEBA8ABD1DE607FA0373288 /* Frameworks */ = {
			isa = PBXGroup;
			children = (
				50407CAD63B5BC1965C82852 /* Pods_Spotify.framework */,
			);
			name = Frameworks;
			sourceTree = "<group>";
		};
		93FBEA6AFD247685D2AF603C /* Pods */ = {
			isa = PBXGroup;
			children = (
				4DF6F06AFC2C8E2C9F99EF96 /* Pods-Spotify.debug.xcconfig */,
				B062AF9068FE09038D588934 /* Pods-Spotify.release.xcconfig */,
			);
			path = Pods;
			sourceTree = "<group>";
		};
		95473E6E269F05F60066E365 /* SearchResultsCells */ = {
			isa = PBXGroup;
			children = (
				95473E6F269F06170066E365 /* SearchResultDefaultTableViewCell.swift */,
			);
			path = SearchResultsCells;
			sourceTree = "<group>";
		};
		958162C12695D9F9005E3D6C = {
			isa = PBXGroup;
			children = (
				958162CC2695D9F9005E3D6C /* Spotify */,
				958162CB2695D9F9005E3D6C /* Products */,
				93FBEA6AFD247685D2AF603C /* Pods */,
				8AEBA8ABD1DE607FA0373288 /* Frameworks */,
			);
			sourceTree = "<group>";
		};
		958162CB2695D9F9005E3D6C /* Products */ = {
			isa = PBXGroup;
			children = (
				958162CA2695D9F9005E3D6C /* Spotify.app */,
			);
			name = Products;
			sourceTree = "<group>";
		};
		958162CC2695D9F9005E3D6C /* Spotify */ = {
			isa = PBXGroup;
			children = (
				958162E62695DBE0005E3D6C /* Resources */,
				958162E52695DBD5005E3D6C /* Managers */,
				958162E42695DBCA005E3D6C /* ViewModels */,
				958162E32695DBBB005E3D6C /* Models */,
				958162E22695DBAB005E3D6C /* Views */,
				958162E12695DBA2005E3D6C /* Controllers */,
				958162DB2695D9FC005E3D6C /* Info.plist */,
			);
			path = Spotify;
			sourceTree = "<group>";
		};
		958162E12695DBA2005E3D6C /* Controllers */ = {
			isa = PBXGroup;
			children = (
				958162EE2695DD96005E3D6C /* Other */,
				958162ED2695DD80005E3D6C /* Core */,
			);
			path = Controllers;
			sourceTree = "<group>";
		};
		958162E22695DBAB005E3D6C /* Views */ = {
			isa = PBXGroup;
			children = (
				95473E6E269F05F60066E365 /* SearchResultsCells */,
				95E302CC26973BDC002057D7 /* Browse */,
				958162D82695D9FC005E3D6C /* LaunchScreen.storyboard */,
				95E302DF2698D6B2002057D7 /* PlaylistHeaderCollectionReusableView.swift */,
				95E302E3269C8576002057D7 /* TitleHeaderCollectionReusableView.swift */,
				95E302E5269C9030002057D7 /* AlbumTrackCollectionViewCell.swift */,
				95E302E9269CAE68002057D7 /* CategoryCollectionViewCell.swift */,
			);
			path = Views;
			sourceTree = "<group>";
		};
		958162E32695DBBB005E3D6C /* Models */ = {
			isa = PBXGroup;
			children = (
				958163042695DE45005E3D6C /* Playlist.swift */,
				958163062695DE51005E3D6C /* AudioTrack.swift */,
				958163082695DE5A005E3D6C /* Artist.swift */,
				9581630A2695DE65005E3D6C /* UserProfile.swift */,
				9581630E2695FD26005E3D6C /* AuthResponse.swift */,
				95816310269615C6005E3D6C /* SettingsModels.swift */,
				956AAF8F26970C2D00C52F38 /* NewReleasesResponse.swift */,
				95E9E75326970E850091E9A0 /* APIImage.swift */,
				95E302C6269711B4002057D7 /* FeaturedPlaylistsResponse.swift */,
				95E302C826971689002057D7 /* RecommendedGenresResponse.swift */,
				95E302CA269719AF002057D7 /* RecommendationsResponse.swift */,
				95E302DB26985A2E002057D7 /* AlbumDetailsResponse.swift */,
				95E302DD26985F46002057D7 /* PlaylistDetailsResponse.swift */,
				95E302EB269CB542002057D7 /* AllCategoriesResponse.swift */,
				95473E6A269EEB7D0066E365 /* SearchResultResponse.swift */,
				95473E6C269EECED0066E365 /* SearchResult.swift */,
			);
			path = Models;
			sourceTree = "<group>";
		};
		958162E42695DBCA005E3D6C /* ViewModels */ = {
			isa = PBXGroup;
			children = (
				95E302D326974716002057D7 /* NewReleasesCellViewModel.swift */,
				95E302D526975CE3002057D7 /* FeaturedPlaylistCellViewModel.swift */,
				95E302D726975D21002057D7 /* RecommendedTrackCellViewModel.swift */,
				95E302E12698F73A002057D7 /* PlaylistHeaderViewViewModel.swift */,
				95E302E7269C9198002057D7 /* AlbumCollectionViewCellViewModel.swift */,
				95E302ED269CB9C6002057D7 /* CategoryCollectionViewCellViewModel.swift */,
				95473E71269F07D50066E365 /* SearchResultDefaultTableViewCellViewModel.swift */,
			);
			path = ViewModels;
			sourceTree = "<group>";
		};
		958162E52695DBD5005E3D6C /* Managers */ = {
			isa = PBXGroup;
			children = (
				958162FE2695DE16005E3D6C /* AuthManager.swift */,
				958163002695DE29005E3D6C /* APICaller.swift */,
				958163022695DE36005E3D6C /* HapticsManager.swift */,
			);
			path = Managers;
			sourceTree = "<group>";
		};
		958162E62695DBE0005E3D6C /* Resources */ = {
			isa = PBXGroup;
			children = (
				958162CD2695D9F9005E3D6C /* AppDelegate.swift */,
				958162CF2695D9F9005E3D6C /* SceneDelegate.swift */,
				958162D62695D9FC005E3D6C /* Assets.xcassets */,
				9581630C2695E9E6005E3D6C /* Extensions.swift */,
			);
			path = Resources;
			sourceTree = "<group>";
		};
		958162ED2695DD80005E3D6C /* Core */ = {
			isa = PBXGroup;
			children = (
				958162E72695DD38005E3D6C /* TabBarViewController.swift */,
				958162D12695D9F9005E3D6C /* HomeViewController.swift */,
				958162E92695DD56005E3D6C /* SearchViewController.swift */,
				958162EB2695DD6E005E3D6C /* LibraryViewController.swift */,
			);
			path = Core;
			sourceTree = "<group>";
		};
		958162EE2695DD96005E3D6C /* Other */ = {
			isa = PBXGroup;
			children = (
				958162EF2695DDAB005E3D6C /* AuthViewController.swift */,
				958162F12695DDB6005E3D6C /* WelcomeViewController.swift */,
				958162F42695DDCF005E3D6C /* SettingsViewController.swift */,
				958162F62695DDDB005E3D6C /* ProfileViewController.swift */,
				958162F82695DDE5005E3D6C /* PlayerViewController.swift */,
				958162FA2695DDF2005E3D6C /* PlaylistViewController.swift */,
				958162FC2695DDFE005E3D6C /* SearchResultsViewController.swift */,
				95E302D92698543D002057D7 /* AlbumViewController.swift */,
				95E302EF269D9781002057D7 /* CategoryViewController.swift */,
			);
			path = Other;
			sourceTree = "<group>";
		};
		95E302CC26973BDC002057D7 /* Browse */ = {
			isa = PBXGroup;
			children = (
				95E302CD26973BFD002057D7 /* NewReleaseCollectionCollectionViewCell.swift */,
				95E302CF26973C4C002057D7 /* FeaturedPlaylistCollectionViewCell.swift */,
				95E302D126973C68002057D7 /* RecommendedTrackCollectionViewCell.swift */,
			);
			path = Browse;
			sourceTree = "<group>";
		};
/* End PBXGroup section */

/* Begin PBXNativeTarget section */
		958162C92695D9F9005E3D6C /* Spotify */ = {
			isa = PBXNativeTarget;
			buildConfigurationList = 958162DE2695D9FC005E3D6C /* Build configuration list for PBXNativeTarget "Spotify" */;
			buildPhases = (
				0BF0B7EA4BC08E9AB5FE3F3B /* [CP] Check Pods Manifest.lock */,
				958162C62695D9F9005E3D6C /* Sources */,
				958162C72695D9F9005E3D6C /* Frameworks */,
				958162C82695D9F9005E3D6C /* Resources */,
				D12485F300DF1DAE6A368E9F /* [CP] Embed Pods Frameworks */,
			);
			buildRules = (
			);
			dependencies = (
			);
			name = Spotify;
			productName = Spotify;
			productReference = 958162CA2695D9F9005E3D6C /* Spotify.app */;
			productType = "com.apple.product-type.application";
		};
/* End PBXNativeTarget section */

/* Begin PBXProject section */
		958162C22695D9F9005E3D6C /* Project object */ = {
			isa = PBXProject;
			attributes = {
				LastSwiftUpdateCheck = 1250;
				LastUpgradeCheck = 1250;
				TargetAttributes = {
					958162C92695D9F9005E3D6C = {
						CreatedOnToolsVersion = 12.5.1;
					};
				};
			};
			buildConfigurationList = 958162C52695D9F9005E3D6C /* Build configuration list for PBXProject "Spotify" */;
			compatibilityVersion = "Xcode 9.3";
			developmentRegion = en;
			hasScannedForEncodings = 0;
			knownRegions = (
				en,
				Base,
			);
			mainGroup = 958162C12695D9F9005E3D6C;
			productRefGroup = 958162CB2695D9F9005E3D6C /* Products */;
			projectDirPath = "";
			projectRoot = "";
			targets = (
				958162C92695D9F9005E3D6C /* Spotify */,
			);
		};
/* End PBXProject section */

/* Begin PBXResourcesBuildPhase section */
		958162C82695D9F9005E3D6C /* Resources */ = {
			isa = PBXResourcesBuildPhase;
			buildActionMask = 2147483647;
			files = (
				958162DA2695D9FC005E3D6C /* LaunchScreen.storyboard in Resources */,
				958162D72695D9FC005E3D6C /* Assets.xcassets in Resources */,
			);
			runOnlyForDeploymentPostprocessing = 0;
		};
/* End PBXResourcesBuildPhase section */

/* Begin PBXShellScriptBuildPhase section */
		0BF0B7EA4BC08E9AB5FE3F3B /* [CP] Check Pods Manifest.lock */ = {
			isa = PBXShellScriptBuildPhase;
			buildActionMask = 2147483647;
			files = (
			);
			inputFileListPaths = (
			);
			inputPaths = (
				"${PODS_PODFILE_DIR_PATH}/Podfile.lock",
				"${PODS_ROOT}/Manifest.lock",
			);
			name = "[CP] Check Pods Manifest.lock";
			outputFileListPaths = (
			);
			outputPaths = (
				"$(DERIVED_FILE_DIR)/Pods-Spotify-checkManifestLockResult.txt",
			);
			runOnlyForDeploymentPostprocessing = 0;
			shellPath = /bin/sh;
			shellScript = "diff \"${PODS_PODFILE_DIR_PATH}/Podfile.lock\" \"${PODS_ROOT}/Manifest.lock\" > /dev/null\nif [ $? != 0 ] ; then\n    # print error to STDERR\n    echo \"error: The sandbox is not in sync with the Podfile.lock. Run 'pod install' or update your CocoaPods installation.\" >&2\n    exit 1\nfi\n# This output is used by Xcode 'outputs' to avoid re-running this script phase.\necho \"SUCCESS\" > \"${SCRIPT_OUTPUT_FILE_0}\"\n";
			showEnvVarsInLog = 0;
		};
		D12485F300DF1DAE6A368E9F /* [CP] Embed Pods Frameworks */ = {
			isa = PBXShellScriptBuildPhase;
			buildActionMask = 2147483647;
			files = (
			);
			inputFileListPaths = (
				"${PODS_ROOT}/Target Support Files/Pods-Spotify/Pods-Spotify-frameworks-${CONFIGURATION}-input-files.xcfilelist",
			);
			name = "[CP] Embed Pods Frameworks";
			outputFileListPaths = (
				"${PODS_ROOT}/Target Support Files/Pods-Spotify/Pods-Spotify-frameworks-${CONFIGURATION}-output-files.xcfilelist",
			);
			runOnlyForDeploymentPostprocessing = 0;
			shellPath = /bin/sh;
			shellScript = "\"${PODS_ROOT}/Target Support Files/Pods-Spotify/Pods-Spotify-frameworks.sh\"\n";
			showEnvVarsInLog = 0;
		};
/* End PBXShellScriptBuildPhase section */

/* Begin PBXSourcesBuildPhase section */
		958162C62695D9F9005E3D6C /* Sources */ = {
			isa = PBXSourcesBuildPhase;
			buildActionMask = 2147483647;
			files = (
				958162EA2695DD56005E3D6C /* SearchViewController.swift in Sources */,
				95E302DE26985F46002057D7 /* PlaylistDetailsResponse.swift in Sources */,
				958163052695DE45005E3D6C /* Playlist.swift in Sources */,
				95473E6B269EEB7D0066E365 /* SearchResultResponse.swift in Sources */,
				958162FF2695DE16005E3D6C /* AuthManager.swift in Sources */,
				95E302D426974716002057D7 /* NewReleasesCellViewModel.swift in Sources */,
				95E302E8269C9198002057D7 /* AlbumCollectionViewCellViewModel.swift in Sources */,
				95E302D826975D21002057D7 /* RecommendedTrackCellViewModel.swift in Sources */,
				958162FD2695DDFE005E3D6C /* SearchResultsViewController.swift in Sources */,
				95E302F0269D9781002057D7 /* CategoryViewController.swift in Sources */,
				95E302EC269CB542002057D7 /* AllCategoriesResponse.swift in Sources */,
				95E302E4269C8576002057D7 /* TitleHeaderCollectionReusableView.swift in Sources */,
				95E302DA2698543D002057D7 /* AlbumViewController.swift in Sources */,
				95E302E22698F73A002057D7 /* PlaylistHeaderViewViewModel.swift in Sources */,
				95E302D626975CE3002057D7 /* FeaturedPlaylistCellViewModel.swift in Sources */,
				95E9E75426970E850091E9A0 /* APIImage.swift in Sources */,
				958162F22695DDB6005E3D6C /* WelcomeViewController.swift in Sources */,
				958162F72695DDDB005E3D6C /* ProfileViewController.swift in Sources */,
				95473E70269F06170066E365 /* SearchResultDefaultTableViewCell.swift in Sources */,
				958162E82695DD38005E3D6C /* TabBarViewController.swift in Sources */,
				95E302CE26973BFD002057D7 /* NewReleaseCollectionCollectionViewCell.swift in Sources */,
				958163032695DE36005E3D6C /* HapticsManager.swift in Sources */,
				95E302EA269CAE68002057D7 /* CategoryCollectionViewCell.swift in Sources */,
				9581630F2695FD26005E3D6C /* AuthResponse.swift in Sources */,
				956AAF9026970C2D00C52F38 /* NewReleasesResponse.swift in Sources */,
				95E302E6269C9030002057D7 /* AlbumTrackCollectionViewCell.swift in Sources */,
				95E302CB269719AF002057D7 /* RecommendationsResponse.swift in Sources */,
				958163072695DE51005E3D6C /* AudioTrack.swift in Sources */,
				958162D22695D9F9005E3D6C /* HomeViewController.swift in Sources */,
				95473E72269F07D50066E365 /* SearchResultDefaultTableViewCellViewModel.swift in Sources */,
				958162F02695DDAB005E3D6C /* AuthViewController.swift in Sources */,
				95E302D026973C4C002057D7 /* FeaturedPlaylistCollectionViewCell.swift in Sources */,
				95816311269615C6005E3D6C /* SettingsModels.swift in Sources */,
				958162CE2695D9F9005E3D6C /* AppDelegate.swift in Sources */,
				9581630B2695DE65005E3D6C /* UserProfile.swift in Sources */,
				9581630D2695E9E6005E3D6C /* Extensions.swift in Sources */,
				95473E6D269EECED0066E365 /* SearchResult.swift in Sources */,
				95E302E02698D6B2002057D7 /* PlaylistHeaderCollectionReusableView.swift in Sources */,
				958162EC2695DD6E005E3D6C /* LibraryViewController.swift in Sources */,
				958163092695DE5A005E3D6C /* Artist.swift in Sources */,
				958162FB2695DDF2005E3D6C /* PlaylistViewController.swift in Sources */,
				95E302D226973C68002057D7 /* RecommendedTrackCollectionViewCell.swift in Sources */,
				958162D02695D9F9005E3D6C /* SceneDelegate.swift in Sources */,
				958162F92695DDE5005E3D6C /* PlayerViewController.swift in Sources */,
				95E302DC26985A2E002057D7 /* AlbumDetailsResponse.swift in Sources */,
				958163012695DE29005E3D6C /* APICaller.swift in Sources */,
				95E302C7269711B4002057D7 /* FeaturedPlaylistsResponse.swift in Sources */,
				958162F52695DDCF005E3D6C /* SettingsViewController.swift in Sources */,
				95E302EE269CB9C6002057D7 /* CategoryCollectionViewCellViewModel.swift in Sources */,
				95E302C926971689002057D7 /* RecommendedGenresResponse.swift in Sources */,
			);
			runOnlyForDeploymentPostprocessing = 0;
		};
/* End PBXSourcesBuildPhase section */

/* Begin PBXVariantGroup section */
		958162D82695D9FC005E3D6C /* LaunchScreen.storyboard */ = {
			isa = PBXVariantGroup;
			children = (
				958162D92695D9FC005E3D6C /* Base */,
			);
			name = LaunchScreen.storyboard;
			sourceTree = "<group>";
		};
/* End PBXVariantGroup section */

/* Begin XCBuildConfiguration section */
		958162DC2695D9FC005E3D6C /* Debug */ = {
			isa = XCBuildConfiguration;
			buildSettings = {
				ALWAYS_SEARCH_USER_PATHS = NO;
				CLANG_ANALYZER_NONNULL = YES;
				CLANG_ANALYZER_NUMBER_OBJECT_CONVERSION = YES_AGGRESSIVE;
				CLANG_CXX_LANGUAGE_STANDARD = "gnu++14";
				CLANG_CXX_LIBRARY = "libc++";
				CLANG_ENABLE_MODULES = YES;
				CLANG_ENABLE_OBJC_ARC = YES;
				CLANG_ENABLE_OBJC_WEAK = YES;
				CLANG_WARN_BLOCK_CAPTURE_AUTORELEASING = YES;
				CLANG_WARN_BOOL_CONVERSION = YES;
				CLANG_WARN_COMMA = YES;
				CLANG_WARN_CONSTANT_CONVERSION = YES;
				CLANG_WARN_DEPRECATED_OBJC_IMPLEMENTATIONS = YES;
				CLANG_WARN_DIRECT_OBJC_ISA_USAGE = YES_ERROR;
				CLANG_WARN_DOCUMENTATION_COMMENTS = YES;
				CLANG_WARN_EMPTY_BODY = YES;
				CLANG_WARN_ENUM_CONVERSION = YES;
				CLANG_WARN_INFINITE_RECURSION = YES;
				CLANG_WARN_INT_CONVERSION = YES;
				CLANG_WARN_NON_LITERAL_NULL_CONVERSION = YES;
				CLANG_WARN_OBJC_IMPLICIT_RETAIN_SELF = YES;
				CLANG_WARN_OBJC_LITERAL_CONVERSION = YES;
				CLANG_WARN_OBJC_ROOT_CLASS = YES_ERROR;
				CLANG_WARN_QUOTED_INCLUDE_IN_FRAMEWORK_HEADER = YES;
				CLANG_WARN_RANGE_LOOP_ANALYSIS = YES;
				CLANG_WARN_STRICT_PROTOTYPES = YES;
				CLANG_WARN_SUSPICIOUS_MOVE = YES;
				CLANG_WARN_UNGUARDED_AVAILABILITY = YES_AGGRESSIVE;
				CLANG_WARN_UNREACHABLE_CODE = YES;
				CLANG_WARN__DUPLICATE_METHOD_MATCH = YES;
				COPY_PHASE_STRIP = NO;
				DEBUG_INFORMATION_FORMAT = dwarf;
				ENABLE_STRICT_OBJC_MSGSEND = YES;
				ENABLE_TESTABILITY = YES;
				GCC_C_LANGUAGE_STANDARD = gnu11;
				GCC_DYNAMIC_NO_PIC = NO;
				GCC_NO_COMMON_BLOCKS = YES;
				GCC_OPTIMIZATION_LEVEL = 0;
				GCC_PREPROCESSOR_DEFINITIONS = (
					"DEBUG=1",
					"$(inherited)",
				);
				GCC_WARN_64_TO_32_BIT_CONVERSION = YES;
				GCC_WARN_ABOUT_RETURN_TYPE = YES_ERROR;
				GCC_WARN_UNDECLARED_SELECTOR = YES;
				GCC_WARN_UNINITIALIZED_AUTOS = YES_AGGRESSIVE;
				GCC_WARN_UNUSED_FUNCTION = YES;
				GCC_WARN_UNUSED_VARIABLE = YES;
				IPHONEOS_DEPLOYMENT_TARGET = 14.3;
				MTL_ENABLE_DEBUG_INFO = INCLUDE_SOURCE;
				MTL_FAST_MATH = YES;
				ONLY_ACTIVE_ARCH = YES;
				SDKROOT = iphoneos;
				SWIFT_ACTIVE_COMPILATION_CONDITIONS = DEBUG;
				SWIFT_OPTIMIZATION_LEVEL = "-Onone";
			};
			name = Debug;
		};
		958162DD2695D9FC005E3D6C /* Release */ = {
			isa = XCBuildConfiguration;
			buildSettings = {
				ALWAYS_SEARCH_USER_PATHS = NO;
				CLANG_ANALYZER_NONNULL = YES;
				CLANG_ANALYZER_NUMBER_OBJECT_CONVERSION = YES_AGGRESSIVE;
				CLANG_CXX_LANGUAGE_STANDARD = "gnu++14";
				CLANG_CXX_LIBRARY = "libc++";
				CLANG_ENABLE_MODULES = YES;
				CLANG_ENABLE_OBJC_ARC = YES;
				CLANG_ENABLE_OBJC_WEAK = YES;
				CLANG_WARN_BLOCK_CAPTURE_AUTORELEASING = YES;
				CLANG_WARN_BOOL_CONVERSION = YES;
				CLANG_WARN_COMMA = YES;
				CLANG_WARN_CONSTANT_CONVERSION = YES;
				CLANG_WARN_DEPRECATED_OBJC_IMPLEMENTATIONS = YES;
				CLANG_WARN_DIRECT_OBJC_ISA_USAGE = YES_ERROR;
				CLANG_WARN_DOCUMENTATION_COMMENTS = YES;
				CLANG_WARN_EMPTY_BODY = YES;
				CLANG_WARN_ENUM_CONVERSION = YES;
				CLANG_WARN_INFINITE_RECURSION = YES;
				CLANG_WARN_INT_CONVERSION = YES;
				CLANG_WARN_NON_LITERAL_NULL_CONVERSION = YES;
				CLANG_WARN_OBJC_IMPLICIT_RETAIN_SELF = YES;
				CLANG_WARN_OBJC_LITERAL_CONVERSION = YES;
				CLANG_WARN_OBJC_ROOT_CLASS = YES_ERROR;
				CLANG_WARN_QUOTED_INCLUDE_IN_FRAMEWORK_HEADER = YES;
				CLANG_WARN_RANGE_LOOP_ANALYSIS = YES;
				CLANG_WARN_STRICT_PROTOTYPES = YES;
				CLANG_WARN_SUSPICIOUS_MOVE = YES;
				CLANG_WARN_UNGUARDED_AVAILABILITY = YES_AGGRESSIVE;
				CLANG_WARN_UNREACHABLE_CODE = YES;
				CLANG_WARN__DUPLICATE_METHOD_MATCH = YES;
				COPY_PHASE_STRIP = NO;
				DEBUG_INFORMATION_FORMAT = "dwarf-with-dsym";
				ENABLE_NS_ASSERTIONS = NO;
				ENABLE_STRICT_OBJC_MSGSEND = YES;
				GCC_C_LANGUAGE_STANDARD = gnu11;
				GCC_NO_COMMON_BLOCKS = YES;
				GCC_WARN_64_TO_32_BIT_CONVERSION = YES;
				GCC_WARN_ABOUT_RETURN_TYPE = YES_ERROR;
				GCC_WARN_UNDECLARED_SELECTOR = YES;
				GCC_WARN_UNINITIALIZED_AUTOS = YES_AGGRESSIVE;
				GCC_WARN_UNUSED_FUNCTION = YES;
				GCC_WARN_UNUSED_VARIABLE = YES;
				IPHONEOS_DEPLOYMENT_TARGET = 14.3;
				MTL_ENABLE_DEBUG_INFO = NO;
				MTL_FAST_MATH = YES;
				SDKROOT = iphoneos;
				SWIFT_COMPILATION_MODE = wholemodule;
				SWIFT_OPTIMIZATION_LEVEL = "-O";
				VALIDATE_PRODUCT = YES;
			};
			name = Release;
		};
		958162DF2695D9FC005E3D6C /* Debug */ = {
			isa = XCBuildConfiguration;
			baseConfigurationReference = 4DF6F06AFC2C8E2C9F99EF96 /* Pods-Spotify.debug.xcconfig */;
			buildSettings = {
				ASSETCATALOG_COMPILER_APPICON_NAME = AppIcon;
				ASSETCATALOG_COMPILER_GLOBAL_ACCENT_COLOR_NAME = AccentColor;
				CODE_SIGN_STYLE = Automatic;
				DEVELOPMENT_TEAM = F27HQ4FLX4;
				INFOPLIST_FILE = Spotify/Info.plist;
				IPHONEOS_DEPLOYMENT_TARGET = 14.3;
				LD_RUNPATH_SEARCH_PATHS = (
					"$(inherited)",
					"@executable_path/Frameworks",
				);
				PRODUCT_BUNDLE_IDENTIFIER = com.charlienguyen.Spotify;
				PRODUCT_NAME = "$(TARGET_NAME)";
				SWIFT_VERSION = 5.0;
				TARGETED_DEVICE_FAMILY = "1,2";
			};
			name = Debug;
		};
		958162E02695D9FC005E3D6C /* Release */ = {
			isa = XCBuildConfiguration;
			baseConfigurationReference = B062AF9068FE09038D588934 /* Pods-Spotify.release.xcconfig */;
			buildSettings = {
				ASSETCATALOG_COMPILER_APPICON_NAME = AppIcon;
				ASSETCATALOG_COMPILER_GLOBAL_ACCENT_COLOR_NAME = AccentColor;
				CODE_SIGN_STYLE = Automatic;
				DEVELOPMENT_TEAM = F27HQ4FLX4;
				INFOPLIST_FILE = Spotify/Info.plist;
				IPHONEOS_DEPLOYMENT_TARGET = 14.3;
				LD_RUNPATH_SEARCH_PATHS = (
					"$(inherited)",
					"@executable_path/Frameworks",
				);
				PRODUCT_BUNDLE_IDENTIFIER = com.charlienguyen.Spotify;
				PRODUCT_NAME = "$(TARGET_NAME)";
				SWIFT_VERSION = 5.0;
				TARGETED_DEVICE_FAMILY = "1,2";
			};
			name = Release;
		};
/* End XCBuildConfiguration section */

/* Begin XCConfigurationList section */
		958162C52695D9F9005E3D6C /* Build configuration list for PBXProject "Spotify" */ = {
			isa = XCConfigurationList;
			buildConfigurations = (
				958162DC2695D9FC005E3D6C /* Debug */,
				958162DD2695D9FC005E3D6C /* Release */,
			);
			defaultConfigurationIsVisible = 0;
			defaultConfigurationName = Release;
		};
		958162DE2695D9FC005E3D6C /* Build configuration list for PBXNativeTarget "Spotify" */ = {
			isa = XCConfigurationList;
			buildConfigurations = (
				958162DF2695D9FC005E3D6C /* Debug */,
				958162E02695D9FC005E3D6C /* Release */,
			);
			defaultConfigurationIsVisible = 0;
			defaultConfigurationName = Release;
		};
/* End XCConfigurationList section */
	};
	rootObject = 958162C22695D9F9005E3D6C /* Project object */;
}
